// !$*UTF8*$!
{
	archiveVersion = 1;
	classes = {
	};
	objectVersion = 54;
	objects = {

/* Begin PBXBuildFile section */
		37D9C7217C5DBAC8BD6AD7B0 /* libPods-TeleprompterTests_.a in Frameworks */ = {isa = PBXBuildFile; fileRef = A36EF6D923AA9FA9222B1C17 /* libPods-TeleprompterTests_.a */; };
		4DD99597330FB2EECB63E818 /* libPods-Teleprompter.a in Frameworks */ = {isa = PBXBuildFile; fileRef = BA9DD49F0DD557983505708D /* libPods-Teleprompter.a */; };
		9F196DE72708B855009C667A /* AppDelegate.swift in Sources */ = {isa = PBXBuildFile; fileRef = 9F196DE62708B855009C667A /* AppDelegate.swift */; };
		9F196DE92708B855009C667A /* SceneDelegate.swift in Sources */ = {isa = PBXBuildFile; fileRef = 9F196DE82708B855009C667A /* SceneDelegate.swift */; };
		9F196DEE2708B855009C667A /* Main.storyboard in Resources */ = {isa = PBXBuildFile; fileRef = 9F196DEC2708B855009C667A /* Main.storyboard */; };
		9F196DF02708B856009C667A /* Assets.xcassets in Resources */ = {isa = PBXBuildFile; fileRef = 9F196DEF2708B856009C667A /* Assets.xcassets */; };
		9F196DF32708B856009C667A /* LaunchScreen.storyboard in Resources */ = {isa = PBXBuildFile; fileRef = 9F196DF12708B856009C667A /* LaunchScreen.storyboard */; };
		9F196DFB2708D15B009C667A /* ControlPanelViewController.swift in Sources */ = {isa = PBXBuildFile; fileRef = 9F196DFA2708D15B009C667A /* ControlPanelViewController.swift */; };
		9F196DFD2708D179009C667A /* TextViewController.swift in Sources */ = {isa = PBXBuildFile; fileRef = 9F196DFC2708D179009C667A /* TextViewController.swift */; };
		9F196DFF2708D18E009C667A /* CameraViewController.swift in Sources */ = {isa = PBXBuildFile; fileRef = 9F196DFE2708D18E009C667A /* CameraViewController.swift */; };
		9F196E012708D1D9009C667A /* ItemsViewController.swift in Sources */ = {isa = PBXBuildFile; fileRef = 9F196E002708D1D9009C667A /* ItemsViewController.swift */; };
		9F196E032708D1E7009C667A /* AddItemViewController.swift in Sources */ = {isa = PBXBuildFile; fileRef = 9F196E022708D1E7009C667A /* AddItemViewController.swift */; };
		9F196E052708DEF0009C667A /* ItemViewCell.swift in Sources */ = {isa = PBXBuildFile; fileRef = 9F196E042708DEF0009C667A /* ItemViewCell.swift */; };
		9F470C5427163F9200F22FFD /* CountViewController.swift in Sources */ = {isa = PBXBuildFile; fileRef = 9F470C5327163F9200F22FFD /* CountViewController.swift */; };
		9F4957EA270B88D6002040D5 /* MovieComposer.swift in Sources */ = {isa = PBXBuildFile; fileRef = 9F4957E9270B88D6002040D5 /* MovieComposer.swift */; };
		9F61537A270C675700D49516 /* TeleprompterTests_.swift in Sources */ = {isa = PBXBuildFile; fileRef = 9F615379270C675700D49516 /* TeleprompterTests_.swift */; };
		9F7FEED12715AF7600829A0F /* MovieRecorder.swift in Sources */ = {isa = PBXBuildFile; fileRef = 9F7FEED02715AF7600829A0F /* MovieRecorder.swift */; };
		9FC064DE2709FDB300AE94D6 /* RecoredVideoViewController.swift in Sources */ = {isa = PBXBuildFile; fileRef = 9FC064DD2709FDB300AE94D6 /* RecoredVideoViewController.swift */; };
		9FD7923D270C9D5F008EFD25 /* ScriptsSavingTests.swift in Sources */ = {isa = PBXBuildFile; fileRef = 9FD7923C270C9D5F008EFD25 /* ScriptsSavingTests.swift */; };
		9FEAA194272AE768002C5F3B /* CK_Recorder.swift in Sources */ = {isa = PBXBuildFile; fileRef = 9FEAA193272AE768002C5F3B /* CK_Recorder.swift */; };
/* End PBXBuildFile section */

/* Begin PBXContainerItemProxy section */
		9F61537C270C675700D49516 /* PBXContainerItemProxy */ = {
			isa = PBXContainerItemProxy;
			containerPortal = 9F196DDB2708B855009C667A /* Project object */;
			proxyType = 1;
			remoteGlobalIDString = 9F196DE22708B855009C667A;
			remoteInfo = Teleprompter;
		};
/* End PBXContainerItemProxy section */

/* Begin PBXFileReference section */
		3F0F9A7F9C9F3B1B669405C4 /* Pods-TeleprompterTests_.release.xcconfig */ = {isa = PBXFileReference; includeInIndex = 1; lastKnownFileType = text.xcconfig; name = "Pods-TeleprompterTests_.release.xcconfig"; path = "Target Support Files/Pods-TeleprompterTests_/Pods-TeleprompterTests_.release.xcconfig"; sourceTree = "<group>"; };
		5A774A69CC0B8A85ACA0788C /* Pods-Teleprompter.release.xcconfig */ = {isa = PBXFileReference; includeInIndex = 1; lastKnownFileType = text.xcconfig; name = "Pods-Teleprompter.release.xcconfig"; path = "Target Support Files/Pods-Teleprompter/Pods-Teleprompter.release.xcconfig"; sourceTree = "<group>"; };
		9F196DE32708B855009C667A /* Teleprompter.app */ = {isa = PBXFileReference; explicitFileType = wrapper.application; includeInIndex = 0; path = Teleprompter.app; sourceTree = BUILT_PRODUCTS_DIR; };
		9F196DE62708B855009C667A /* AppDelegate.swift */ = {isa = PBXFileReference; lastKnownFileType = sourcecode.swift; path = AppDelegate.swift; sourceTree = "<group>"; };
		9F196DE82708B855009C667A /* SceneDelegate.swift */ = {isa = PBXFileReference; lastKnownFileType = sourcecode.swift; path = SceneDelegate.swift; sourceTree = "<group>"; };
		9F196DED2708B855009C667A /* Base */ = {isa = PBXFileReference; lastKnownFileType = file.storyboard; name = Base; path = Base.lproj/Main.storyboard; sourceTree = "<group>"; };
		9F196DEF2708B856009C667A /* Assets.xcassets */ = {isa = PBXFileReference; lastKnownFileType = folder.assetcatalog; path = Assets.xcassets; sourceTree = "<group>"; };
		9F196DF22708B856009C667A /* Base */ = {isa = PBXFileReference; lastKnownFileType = file.storyboard; name = Base; path = Base.lproj/LaunchScreen.storyboard; sourceTree = "<group>"; };
		9F196DF42708B856009C667A /* Info.plist */ = {isa = PBXFileReference; lastKnownFileType = text.plist.xml; path = Info.plist; sourceTree = "<group>"; };
		9F196DFA2708D15B009C667A /* ControlPanelViewController.swift */ = {isa = PBXFileReference; lastKnownFileType = sourcecode.swift; path = ControlPanelViewController.swift; sourceTree = "<group>"; };
		9F196DFC2708D179009C667A /* TextViewController.swift */ = {isa = PBXFileReference; lastKnownFileType = sourcecode.swift; path = TextViewController.swift; sourceTree = "<group>"; };
		9F196DFE2708D18E009C667A /* CameraViewController.swift */ = {isa = PBXFileReference; lastKnownFileType = sourcecode.swift; path = CameraViewController.swift; sourceTree = "<group>"; };
		9F196E002708D1D9009C667A /* ItemsViewController.swift */ = {isa = PBXFileReference; lastKnownFileType = sourcecode.swift; path = ItemsViewController.swift; sourceTree = "<group>"; };
		9F196E022708D1E7009C667A /* AddItemViewController.swift */ = {isa = PBXFileReference; lastKnownFileType = sourcecode.swift; path = AddItemViewController.swift; sourceTree = "<group>"; };
		9F196E042708DEF0009C667A /* ItemViewCell.swift */ = {isa = PBXFileReference; lastKnownFileType = sourcecode.swift; path = ItemViewCell.swift; sourceTree = "<group>"; };
		9F470C5327163F9200F22FFD /* CountViewController.swift */ = {isa = PBXFileReference; lastKnownFileType = sourcecode.swift; path = CountViewController.swift; sourceTree = "<group>"; };
		9F4957E9270B88D6002040D5 /* MovieComposer.swift */ = {isa = PBXFileReference; lastKnownFileType = sourcecode.swift; path = MovieComposer.swift; sourceTree = "<group>"; };
		9F615377270C675700D49516 /* TeleprompterTests_.xctest */ = {isa = PBXFileReference; explicitFileType = wrapper.cfbundle; includeInIndex = 0; path = TeleprompterTests_.xctest; sourceTree = BUILT_PRODUCTS_DIR; };
		9F615379270C675700D49516 /* TeleprompterTests_.swift */ = {isa = PBXFileReference; lastKnownFileType = sourcecode.swift; path = TeleprompterTests_.swift; sourceTree = "<group>"; };
		9F61537B270C675700D49516 /* Info.plist */ = {isa = PBXFileReference; lastKnownFileType = text.plist.xml; path = Info.plist; sourceTree = "<group>"; };
		9F7FEED02715AF7600829A0F /* MovieRecorder.swift */ = {isa = PBXFileReference; lastKnownFileType = sourcecode.swift; path = MovieRecorder.swift; sourceTree = "<group>"; };
		9FC064DD2709FDB300AE94D6 /* RecoredVideoViewController.swift */ = {isa = PBXFileReference; lastKnownFileType = sourcecode.swift; path = RecoredVideoViewController.swift; sourceTree = "<group>"; };
		9FD7923C270C9D5F008EFD25 /* ScriptsSavingTests.swift */ = {isa = PBXFileReference; lastKnownFileType = sourcecode.swift; path = ScriptsSavingTests.swift; sourceTree = "<group>"; };
		9FEAA193272AE768002C5F3B /* CK_Recorder.swift */ = {isa = PBXFileReference; lastKnownFileType = sourcecode.swift; path = CK_Recorder.swift; sourceTree = "<group>"; };
		A36EF6D923AA9FA9222B1C17 /* libPods-TeleprompterTests_.a */ = {isa = PBXFileReference; explicitFileType = archive.ar; includeInIndex = 0; path = "libPods-TeleprompterTests_.a"; sourceTree = BUILT_PRODUCTS_DIR; };
		BA9DD49F0DD557983505708D /* libPods-Teleprompter.a */ = {isa = PBXFileReference; explicitFileType = archive.ar; includeInIndex = 0; path = "libPods-Teleprompter.a"; sourceTree = BUILT_PRODUCTS_DIR; };
		C607453AD20ADC303197A8AD /* Pods-Teleprompter.debug.xcconfig */ = {isa = PBXFileReference; includeInIndex = 1; lastKnownFileType = text.xcconfig; name = "Pods-Teleprompter.debug.xcconfig"; path = "Target Support Files/Pods-Teleprompter/Pods-Teleprompter.debug.xcconfig"; sourceTree = "<group>"; };
		E3F89B5663497686CCE21F51 /* Pods-TeleprompterTests_.debug.xcconfig */ = {isa = PBXFileReference; includeInIndex = 1; lastKnownFileType = text.xcconfig; name = "Pods-TeleprompterTests_.debug.xcconfig"; path = "Target Support Files/Pods-TeleprompterTests_/Pods-TeleprompterTests_.debug.xcconfig"; sourceTree = "<group>"; };
/* End PBXFileReference section */

/* Begin PBXFrameworksBuildPhase section */
		9F196DE02708B855009C667A /* Frameworks */ = {
			isa = PBXFrameworksBuildPhase;
			buildActionMask = 2147483647;
			files = (
				4DD99597330FB2EECB63E818 /* libPods-Teleprompter.a in Frameworks */,
			);
			runOnlyForDeploymentPostprocessing = 0;
		};
		9F615374270C675700D49516 /* Frameworks */ = {
			isa = PBXFrameworksBuildPhase;
			buildActionMask = 2147483647;
			files = (
				37D9C7217C5DBAC8BD6AD7B0 /* libPods-TeleprompterTests_.a in Frameworks */,
			);
			runOnlyForDeploymentPostprocessing = 0;
		};
/* End PBXFrameworksBuildPhase section */

/* Begin PBXGroup section */
		9F196DDA2708B855009C667A = {
			isa = PBXGroup;
			children = (
				9F196DE52708B855009C667A /* Teleprompter */,
				9F615378270C675700D49516 /* TeleprompterTests_ */,
				9F196DE42708B855009C667A /* Products */,
				BA28C4D63E7EAC03DB0C770E /* Pods */,
				B317DD331CE15278514415B7 /* Frameworks */,
			);
			sourceTree = "<group>";
		};
		9F196DE42708B855009C667A /* Products */ = {
			isa = PBXGroup;
			children = (
				9F196DE32708B855009C667A /* Teleprompter.app */,
				9F615377270C675700D49516 /* TeleprompterTests_.xctest */,
			);
			name = Products;
			sourceTree = "<group>";
		};
		9F196DE52708B855009C667A /* Teleprompter */ = {
			isa = PBXGroup;
			children = (
				9F196DE62708B855009C667A /* AppDelegate.swift */,
				9F196DE82708B855009C667A /* SceneDelegate.swift */,
				9F196E002708D1D9009C667A /* ItemsViewController.swift */,
				9F196E042708DEF0009C667A /* ItemViewCell.swift */,
				9F196E022708D1E7009C667A /* AddItemViewController.swift */,
				9F196DFC2708D179009C667A /* TextViewController.swift */,
				9F196DFE2708D18E009C667A /* CameraViewController.swift */,
				9F196DFA2708D15B009C667A /* ControlPanelViewController.swift */,
				9FC064DD2709FDB300AE94D6 /* RecoredVideoViewController.swift */,
				9F470C5327163F9200F22FFD /* CountViewController.swift */,
				9F4957E9270B88D6002040D5 /* MovieComposer.swift */,
				9F7FEED02715AF7600829A0F /* MovieRecorder.swift */,
				9FEAA193272AE768002C5F3B /* CK_Recorder.swift */,
				9F196DEC2708B855009C667A /* Main.storyboard */,
				9F196DEF2708B856009C667A /* Assets.xcassets */,
				9F196DF12708B856009C667A /* LaunchScreen.storyboard */,
				9F196DF42708B856009C667A /* Info.plist */,
			);
			path = Teleprompter;
			sourceTree = "<group>";
		};
		9F615378270C675700D49516 /* TeleprompterTests_ */ = {
			isa = PBXGroup;
			children = (
				9F615379270C675700D49516 /* TeleprompterTests_.swift */,
				9FD7923C270C9D5F008EFD25 /* ScriptsSavingTests.swift */,
				9F61537B270C675700D49516 /* Info.plist */,
			);
			path = TeleprompterTests_;
			sourceTree = "<group>";
		};
		B317DD331CE15278514415B7 /* Frameworks */ = {
			isa = PBXGroup;
			children = (
				BA9DD49F0DD557983505708D /* libPods-Teleprompter.a */,
				A36EF6D923AA9FA9222B1C17 /* libPods-TeleprompterTests_.a */,
			);
			name = Frameworks;
			sourceTree = "<group>";
		};
		BA28C4D63E7EAC03DB0C770E /* Pods */ = {
			isa = PBXGroup;
			children = (
				C607453AD20ADC303197A8AD /* Pods-Teleprompter.debug.xcconfig */,
				5A774A69CC0B8A85ACA0788C /* Pods-Teleprompter.release.xcconfig */,
				E3F89B5663497686CCE21F51 /* Pods-TeleprompterTests_.debug.xcconfig */,
				3F0F9A7F9C9F3B1B669405C4 /* Pods-TeleprompterTests_.release.xcconfig */,
			);
			path = Pods;
			sourceTree = "<group>";
		};
/* End PBXGroup section */

/* Begin PBXNativeTarget section */
		9F196DE22708B855009C667A /* Teleprompter */ = {
			isa = PBXNativeTarget;
			buildConfigurationList = 9F196DF72708B856009C667A /* Build configuration list for PBXNativeTarget "Teleprompter" */;
			buildPhases = (
				ADB890CADF60ABE414A3AB5F /* [CP] Check Pods Manifest.lock */,
				9F196DDF2708B855009C667A /* Sources */,
				9F196DE02708B855009C667A /* Frameworks */,
				9F196DE12708B855009C667A /* Resources */,
			);
			buildRules = (
			);
			dependencies = (
			);
			name = Teleprompter;
			productName = Teleprompter;
			productReference = 9F196DE32708B855009C667A /* Teleprompter.app */;
			productType = "com.apple.product-type.application";
		};
		9F615376270C675700D49516 /* TeleprompterTests_ */ = {
			isa = PBXNativeTarget;
			buildConfigurationList = 9F61537E270C675700D49516 /* Build configuration list for PBXNativeTarget "TeleprompterTests_" */;
			buildPhases = (
				4932DC56B83E4F05D93C0631 /* [CP] Check Pods Manifest.lock */,
				9F615373270C675700D49516 /* Sources */,
				9F615374270C675700D49516 /* Frameworks */,
				9F615375270C675700D49516 /* Resources */,
			);
			buildRules = (
			);
			dependencies = (
				9F61537D270C675700D49516 /* PBXTargetDependency */,
			);
			name = TeleprompterTests_;
			productName = TeleprompterTests_;
			productReference = 9F615377270C675700D49516 /* TeleprompterTests_.xctest */;
			productType = "com.apple.product-type.bundle.unit-test";
		};
/* End PBXNativeTarget section */

/* Begin PBXProject section */
		9F196DDB2708B855009C667A /* Project object */ = {
			isa = PBXProject;
			attributes = {
				LastSwiftUpdateCheck = 1250;
				LastUpgradeCheck = 1250;
				TargetAttributes = {
					9F196DE22708B855009C667A = {
						CreatedOnToolsVersion = 12.5.1;
					};
					9F615376270C675700D49516 = {
						CreatedOnToolsVersion = 12.5.1;
						TestTargetID = 9F196DE22708B855009C667A;
					};
				};
			};
			buildConfigurationList = 9F196DDE2708B855009C667A /* Build configuration list for PBXProject "Teleprompter" */;
			compatibilityVersion = "Xcode 12.0";
			developmentRegion = en;
			hasScannedForEncodings = 0;
			knownRegions = (
				en,
				Base,
			);
			mainGroup = 9F196DDA2708B855009C667A;
			productRefGroup = 9F196DE42708B855009C667A /* Products */;
			projectDirPath = "";
			projectRoot = "";
			targets = (
				9F196DE22708B855009C667A /* Teleprompter */,
				9F615376270C675700D49516 /* TeleprompterTests_ */,
			);
		};
/* End PBXProject section */

/* Begin PBXResourcesBuildPhase section */
		9F196DE12708B855009C667A /* Resources */ = {
			isa = PBXResourcesBuildPhase;
			buildActionMask = 2147483647;
			files = (
				9F196DF32708B856009C667A /* LaunchScreen.storyboard in Resources */,
				9F196DF02708B856009C667A /* Assets.xcassets in Resources */,
				9F196DEE2708B855009C667A /* Main.storyboard in Resources */,
			);
			runOnlyForDeploymentPostprocessing = 0;
		};
		9F615375270C675700D49516 /* Resources */ = {
			isa = PBXResourcesBuildPhase;
			buildActionMask = 2147483647;
			files = (
			);
			runOnlyForDeploymentPostprocessing = 0;
		};
/* End PBXResourcesBuildPhase section */

/* Begin PBXShellScriptBuildPhase section */
		4932DC56B83E4F05D93C0631 /* [CP] Check Pods Manifest.lock */ = {
			isa = PBXShellScriptBuildPhase;
			buildActionMask = 2147483647;
			files = (
			);
			inputFileListPaths = (
			);
			inputPaths = (
				"${PODS_PODFILE_DIR_PATH}/Podfile.lock",
				"${PODS_ROOT}/Manifest.lock",
			);
			name = "[CP] Check Pods Manifest.lock";
			outputFileListPaths = (
			);
			outputPaths = (
				"$(DERIVED_FILE_DIR)/Pods-TeleprompterTests_-checkManifestLockResult.txt",
			);
			runOnlyForDeploymentPostprocessing = 0;
			shellPath = /bin/sh;
			shellScript = "diff \"${PODS_PODFILE_DIR_PATH}/Podfile.lock\" \"${PODS_ROOT}/Manifest.lock\" > /dev/null\nif [ $? != 0 ] ; then\n    # print error to STDERR\n    echo \"error: The sandbox is not in sync with the Podfile.lock. Run 'pod install' or update your CocoaPods installation.\" >&2\n    exit 1\nfi\n# This output is used by Xcode 'outputs' to avoid re-running this script phase.\necho \"SUCCESS\" > \"${SCRIPT_OUTPUT_FILE_0}\"\n";
			showEnvVarsInLog = 0;
		};
		ADB890CADF60ABE414A3AB5F /* [CP] Check Pods Manifest.lock */ = {
			isa = PBXShellScriptBuildPhase;
			buildActionMask = 2147483647;
			files = (
			);
			inputFileListPaths = (
			);
			inputPaths = (
				"${PODS_PODFILE_DIR_PATH}/Podfile.lock",
				"${PODS_ROOT}/Manifest.lock",
			);
			name = "[CP] Check Pods Manifest.lock";
			outputFileListPaths = (
			);
			outputPaths = (
				"$(DERIVED_FILE_DIR)/Pods-Teleprompter-checkManifestLockResult.txt",
			);
			runOnlyForDeploymentPostprocessing = 0;
			shellPath = /bin/sh;
			shellScript = "diff \"${PODS_PODFILE_DIR_PATH}/Podfile.lock\" \"${PODS_ROOT}/Manifest.lock\" > /dev/null\nif [ $? != 0 ] ; then\n    # print error to STDERR\n    echo \"error: The sandbox is not in sync with the Podfile.lock. Run 'pod install' or update your CocoaPods installation.\" >&2\n    exit 1\nfi\n# This output is used by Xcode 'outputs' to avoid re-running this script phase.\necho \"SUCCESS\" > \"${SCRIPT_OUTPUT_FILE_0}\"\n";
			showEnvVarsInLog = 0;
		};
/* End PBXShellScriptBuildPhase section */

/* Begin PBXSourcesBuildPhase section */
		9F196DDF2708B855009C667A /* Sources */ = {
			isa = PBXSourcesBuildPhase;
			buildActionMask = 2147483647;
			files = (
				9F470C5427163F9200F22FFD /* CountViewController.swift in Sources */,
				9F196DFD2708D179009C667A /* TextViewController.swift in Sources */,
				9F196DE72708B855009C667A /* AppDelegate.swift in Sources */,
				9F196DFB2708D15B009C667A /* ControlPanelViewController.swift in Sources */,
				9F196E012708D1D9009C667A /* ItemsViewController.swift in Sources */,
				9F196E032708D1E7009C667A /* AddItemViewController.swift in Sources */,
				9F196DE92708B855009C667A /* SceneDelegate.swift in Sources */,
				9F4957EA270B88D6002040D5 /* MovieComposer.swift in Sources */,
				9F196DFF2708D18E009C667A /* CameraViewController.swift in Sources */,
				9F7FEED12715AF7600829A0F /* MovieRecorder.swift in Sources */,
				9FEAA194272AE768002C5F3B /* CK_Recorder.swift in Sources */,
				9F196E052708DEF0009C667A /* ItemViewCell.swift in Sources */,
				9FC064DE2709FDB300AE94D6 /* RecoredVideoViewController.swift in Sources */,
			);
			runOnlyForDeploymentPostprocessing = 0;
		};
		9F615373270C675700D49516 /* Sources */ = {
			isa = PBXSourcesBuildPhase;
			buildActionMask = 2147483647;
			files = (
				9FD7923D270C9D5F008EFD25 /* ScriptsSavingTests.swift in Sources */,
				9F61537A270C675700D49516 /* TeleprompterTests_.swift in Sources */,
			);
			runOnlyForDeploymentPostprocessing = 0;
		};
/* End PBXSourcesBuildPhase section */

/* Begin PBXTargetDependency section */
		9F61537D270C675700D49516 /* PBXTargetDependency */ = {
			isa = PBXTargetDependency;
			target = 9F196DE22708B855009C667A /* Teleprompter */;
			targetProxy = 9F61537C270C675700D49516 /* PBXContainerItemProxy */;
		};
/* End PBXTargetDependency section */

/* Begin PBXVariantGroup section */
		9F196DEC2708B855009C667A /* Main.storyboard */ = {
			isa = PBXVariantGroup;
			children = (
				9F196DED2708B855009C667A /* Base */,
			);
			name = Main.storyboard;
			sourceTree = "<group>";
		};
		9F196DF12708B856009C667A /* LaunchScreen.storyboard */ = {
			isa = PBXVariantGroup;
			children = (
				9F196DF22708B856009C667A /* Base */,
			);
			name = LaunchScreen.storyboard;
			sourceTree = "<group>";
		};
/* End PBXVariantGroup section */

/* Begin XCBuildConfiguration section */
		9F196DF52708B856009C667A /* Debug */ = {
			isa = XCBuildConfiguration;
			buildSettings = {
				ALWAYS_SEARCH_USER_PATHS = NO;
				CLANG_ANALYZER_NONNULL = YES;
				CLANG_ANALYZER_NUMBER_OBJECT_CONVERSION = YES_AGGRESSIVE;
				CLANG_CXX_LANGUAGE_STANDARD = "gnu++14";
				CLANG_CXX_LIBRARY = "libc++";
				CLANG_ENABLE_MODULES = YES;
				CLANG_ENABLE_OBJC_ARC = YES;
				CLANG_ENABLE_OBJC_WEAK = YES;
				CLANG_WARN_BLOCK_CAPTURE_AUTORELEASING = YES;
				CLANG_WARN_BOOL_CONVERSION = YES;
				CLANG_WARN_COMMA = YES;
				CLANG_WARN_CONSTANT_CONVERSION = YES;
				CLANG_WARN_DEPRECATED_OBJC_IMPLEMENTATIONS = YES;
				CLANG_WARN_DIRECT_OBJC_ISA_USAGE = YES_ERROR;
				CLANG_WARN_DOCUMENTATION_COMMENTS = YES;
				CLANG_WARN_EMPTY_BODY = YES;
				CLANG_WARN_ENUM_CONVERSION = YES;
				CLANG_WARN_INFINITE_RECURSION = YES;
				CLANG_WARN_INT_CONVERSION = YES;
				CLANG_WARN_NON_LITERAL_NULL_CONVERSION = YES;
				CLANG_WARN_OBJC_IMPLICIT_RETAIN_SELF = YES;
				CLANG_WARN_OBJC_LITERAL_CONVERSION = YES;
				CLANG_WARN_OBJC_ROOT_CLASS = YES_ERROR;
				CLANG_WARN_QUOTED_INCLUDE_IN_FRAMEWORK_HEADER = YES;
				CLANG_WARN_RANGE_LOOP_ANALYSIS = YES;
				CLANG_WARN_STRICT_PROTOTYPES = YES;
				CLANG_WARN_SUSPICIOUS_MOVE = YES;
				CLANG_WARN_UNGUARDED_AVAILABILITY = YES_AGGRESSIVE;
				CLANG_WARN_UNREACHABLE_CODE = YES;
				CLANG_WARN__DUPLICATE_METHOD_MATCH = YES;
				COPY_PHASE_STRIP = NO;
				DEBUG_INFORMATION_FORMAT = dwarf;
				ENABLE_STRICT_OBJC_MSGSEND = YES;
				ENABLE_TESTABILITY = YES;
				GCC_C_LANGUAGE_STANDARD = gnu11;
				GCC_DYNAMIC_NO_PIC = NO;
				GCC_NO_COMMON_BLOCKS = YES;
				GCC_OPTIMIZATION_LEVEL = 0;
				GCC_PREPROCESSOR_DEFINITIONS = (
					"DEBUG=1",
					"$(inherited)",
				);
				GCC_WARN_64_TO_32_BIT_CONVERSION = YES;
				GCC_WARN_ABOUT_RETURN_TYPE = YES_ERROR;
				GCC_WARN_UNDECLARED_SELECTOR = YES;
				GCC_WARN_UNINITIALIZED_AUTOS = YES_AGGRESSIVE;
				GCC_WARN_UNUSED_FUNCTION = YES;
				GCC_WARN_UNUSED_VARIABLE = YES;
				IPHONEOS_DEPLOYMENT_TARGET = 14.5;
				MTL_ENABLE_DEBUG_INFO = INCLUDE_SOURCE;
				MTL_FAST_MATH = YES;
				ONLY_ACTIVE_ARCH = YES;
				SDKROOT = iphoneos;
				SWIFT_ACTIVE_COMPILATION_CONDITIONS = DEBUG;
				SWIFT_OPTIMIZATION_LEVEL = "-Onone";
			};
			name = Debug;
		};
		9F196DF62708B856009C667A /* Release */ = {
			isa = XCBuildConfiguration;
			buildSettings = {
				ALWAYS_SEARCH_USER_PATHS = NO;
				CLANG_ANALYZER_NONNULL = YES;
				CLANG_ANALYZER_NUMBER_OBJECT_CONVERSION = YES_AGGRESSIVE;
				CLANG_CXX_LANGUAGE_STANDARD = "gnu++14";
				CLANG_CXX_LIBRARY = "libc++";
				CLANG_ENABLE_MODULES = YES;
				CLANG_ENABLE_OBJC_ARC = YES;
				CLANG_ENABLE_OBJC_WEAK = YES;
				CLANG_WARN_BLOCK_CAPTURE_AUTORELEASING = YES;
				CLANG_WARN_BOOL_CONVERSION = YES;
				CLANG_WARN_COMMA = YES;
				CLANG_WARN_CONSTANT_CONVERSION = YES;
				CLANG_WARN_DEPRECATED_OBJC_IMPLEMENTATIONS = YES;
				CLANG_WARN_DIRECT_OBJC_ISA_USAGE = YES_ERROR;
				CLANG_WARN_DOCUMENTATION_COMMENTS = YES;
				CLANG_WARN_EMPTY_BODY = YES;
				CLANG_WARN_ENUM_CONVERSION = YES;
				CLANG_WARN_INFINITE_RECURSION = YES;
				CLANG_WARN_INT_CONVERSION = YES;
				CLANG_WARN_NON_LITERAL_NULL_CONVERSION = YES;
				CLANG_WARN_OBJC_IMPLICIT_RETAIN_SELF = YES;
				CLANG_WARN_OBJC_LITERAL_CONVERSION = YES;
				CLANG_WARN_OBJC_ROOT_CLASS = YES_ERROR;
				CLANG_WARN_QUOTED_INCLUDE_IN_FRAMEWORK_HEADER = YES;
				CLANG_WARN_RANGE_LOOP_ANALYSIS = YES;
				CLANG_WARN_STRICT_PROTOTYPES = YES;
				CLANG_WARN_SUSPICIOUS_MOVE = YES;
				CLANG_WARN_UNGUARDED_AVAILABILITY = YES_AGGRESSIVE;
				CLANG_WARN_UNREACHABLE_CODE = YES;
				CLANG_WARN__DUPLICATE_METHOD_MATCH = YES;
				COPY_PHASE_STRIP = NO;
				DEBUG_INFORMATION_FORMAT = "dwarf-with-dsym";
				ENABLE_NS_ASSERTIONS = NO;
				ENABLE_STRICT_OBJC_MSGSEND = YES;
				GCC_C_LANGUAGE_STANDARD = gnu11;
				GCC_NO_COMMON_BLOCKS = YES;
				GCC_WARN_64_TO_32_BIT_CONVERSION = YES;
				GCC_WARN_ABOUT_RETURN_TYPE = YES_ERROR;
				GCC_WARN_UNDECLARED_SELECTOR = YES;
				GCC_WARN_UNINITIALIZED_AUTOS = YES_AGGRESSIVE;
				GCC_WARN_UNUSED_FUNCTION = YES;
				GCC_WARN_UNUSED_VARIABLE = YES;
				IPHONEOS_DEPLOYMENT_TARGET = 14.5;
				MTL_ENABLE_DEBUG_INFO = NO;
				MTL_FAST_MATH = YES;
				SDKROOT = iphoneos;
				SWIFT_COMPILATION_MODE = wholemodule;
				SWIFT_OPTIMIZATION_LEVEL = "-O";
				VALIDATE_PRODUCT = YES;
			};
			name = Release;
		};
		9F196DF82708B856009C667A /* Debug */ = {
			isa = XCBuildConfiguration;
			baseConfigurationReference = C607453AD20ADC303197A8AD /* Pods-Teleprompter.debug.xcconfig */;
			buildSettings = {
				ASSETCATALOG_COMPILER_APPICON_NAME = AppIcon;
				ASSETCATALOG_COMPILER_GLOBAL_ACCENT_COLOR_NAME = AccentColor;
				CODE_SIGN_STYLE = Automatic;
				DEVELOPMENT_TEAM = AHJJ77N3U7;
				EMBED_ASSET_PACKS_IN_PRODUCT_BUNDLE = YES;
				ENABLE_TESTING_SEARCH_PATHS = YES;
				GCC_GENERATE_TEST_COVERAGE_FILES = YES;
				INFOPLIST_FILE = Teleprompter/Info.plist;
				IPHONEOS_DEPLOYMENT_TARGET = 14.5;
				LD_RUNPATH_SEARCH_PATHS = (
					"$(inherited)",
					"@executable_path/Frameworks",
				);
				PRODUCT_BUNDLE_IDENTIFIER = fgami.Teleprompter;
				PRODUCT_NAME = "$(TARGET_NAME)";
				SWIFT_VERSION = 5.0;
				TARGETED_DEVICE_FAMILY = "1,2";
				TREAT_MISSING_BASELINES_AS_TEST_FAILURES = YES;
			};
			name = Debug;
		};
		9F196DF92708B856009C667A /* Release */ = {
			isa = XCBuildConfiguration;
			baseConfigurationReference = 5A774A69CC0B8A85ACA0788C /* Pods-Teleprompter.release.xcconfig */;
			buildSettings = {
				ASSETCATALOG_COMPILER_APPICON_NAME = AppIcon;
				ASSETCATALOG_COMPILER_GLOBAL_ACCENT_COLOR_NAME = AccentColor;
				CODE_SIGN_STYLE = Automatic;
				DEVELOPMENT_TEAM = AHJJ77N3U7;
				EMBED_ASSET_PACKS_IN_PRODUCT_BUNDLE = YES;
				ENABLE_TESTABILITY = YES;
				ENABLE_TESTING_SEARCH_PATHS = YES;
				GCC_GENERATE_TEST_COVERAGE_FILES = YES;
				INFOPLIST_FILE = Teleprompter/Info.plist;
				IPHONEOS_DEPLOYMENT_TARGET = 14.5;
				LD_RUNPATH_SEARCH_PATHS = (
					"$(inherited)",
					"@executable_path/Frameworks",
				);
				PRODUCT_BUNDLE_IDENTIFIER = fgami.Teleprompter;
				PRODUCT_NAME = "$(TARGET_NAME)";
				SWIFT_VERSION = 5.0;
				TARGETED_DEVICE_FAMILY = "1,2";
				TREAT_MISSING_BASELINES_AS_TEST_FAILURES = YES;
			};
			name = Release;
		};
		9F61537F270C675700D49516 /* Debug */ = {
			isa = XCBuildConfiguration;
			baseConfigurationReference = E3F89B5663497686CCE21F51 /* Pods-TeleprompterTests_.debug.xcconfig */;
			buildSettings = {
				BUNDLE_LOADER = "$(TEST_HOST)";
				CODE_SIGN_STYLE = Automatic;
				DEVELOPMENT_TEAM = AHJJ77N3U7;
				INFOPLIST_FILE = TeleprompterTests_/Info.plist;
				LD_RUNPATH_SEARCH_PATHS = (
					"$(inherited)",
					"@executable_path/Frameworks",
					"@loader_path/Frameworks",
				);
				PRODUCT_BUNDLE_IDENTIFIER = "fgami.TeleprompterTests-";
				PRODUCT_NAME = "$(TARGET_NAME)";
				SWIFT_VERSION = 5.0;
				TARGETED_DEVICE_FAMILY = "1,2";
				TEST_HOST = "$(BUILT_PRODUCTS_DIR)/Teleprompter.app/Teleprompter";
			};
			name = Debug;
		};
		9F615380270C675700D49516 /* Release */ = {
			isa = XCBuildConfiguration;
			baseConfigurationReference = 3F0F9A7F9C9F3B1B669405C4 /* Pods-TeleprompterTests_.release.xcconfig */;
			buildSettings = {
				BUNDLE_LOADER = "$(TEST_HOST)";
				CODE_SIGN_STYLE = Automatic;
				DEVELOPMENT_TEAM = AHJJ77N3U7;
				INFOPLIST_FILE = TeleprompterTests_/Info.plist;
				LD_RUNPATH_SEARCH_PATHS = (
					"$(inherited)",
					"@executable_path/Frameworks",
					"@loader_path/Frameworks",
				);
				PRODUCT_BUNDLE_IDENTIFIER = "fgami.TeleprompterTests-";
				PRODUCT_NAME = "$(TARGET_NAME)";
				SWIFT_VERSION = 5.0;
				TARGETED_DEVICE_FAMILY = "1,2";
				TEST_HOST = "$(BUILT_PRODUCTS_DIR)/Teleprompter.app/Teleprompter";
			};
			name = Release;
		};
/* End XCBuildConfiguration section */

/* Begin XCConfigurationList section */
		9F196DDE2708B855009C667A /* Build configuration list for PBXProject "Teleprompter" */ = {
			isa = XCConfigurationList;
			buildConfigurations = (
				9F196DF52708B856009C667A /* Debug */,
				9F196DF62708B856009C667A /* Release */,
			);
			defaultConfigurationIsVisible = 0;
			defaultConfigurationName = Debug;
		};
		9F196DF72708B856009C667A /* Build configuration list for PBXNativeTarget "Teleprompter" */ = {
			isa = XCConfigurationList;
			buildConfigurations = (
				9F196DF82708B856009C667A /* Debug */,
				9F196DF92708B856009C667A /* Release */,
			);
			defaultConfigurationIsVisible = 0;
			defaultConfigurationName = Debug;
		};
		9F61537E270C675700D49516 /* Build configuration list for PBXNativeTarget "TeleprompterTests_" */ = {
			isa = XCConfigurationList;
			buildConfigurations = (
				9F61537F270C675700D49516 /* Debug */,
				9F615380270C675700D49516 /* Release */,
			);
			defaultConfigurationIsVisible = 0;
			defaultConfigurationName = Debug;
		};
/* End XCConfigurationList section */
	};
	rootObject = 9F196DDB2708B855009C667A /* Project object */;
}
